
Microsoft Visual Studio Solution File, Format Version 12.00
# Visual Studio Version 17
VisualStudioVersion = 17.7.34221.43
MinimumVisualStudioVersion = 10.0.40219.1
Project("{9A19103F-16F7-4668-BE54-9A1E7A4F7556}") = "Deviot.Docs.App", "Deviot.Docs.App\Deviot.Docs.App.csproj", "{0CF59463-4DA3-4AB5-93C5-3B1D1261EBC4}"
EndProject
Global
	GlobalSection(SolutionConfigurationPlatforms) = preSolution
		Debug|Any CPU = Debug|Any CPU
		Release|Any CPU = Release|Any CPU
	EndGlobalSection
	GlobalSection(ProjectConfigurationPlatforms) = postSolution
		{0CF59463-4DA3-4AB5-93C5-3B1D1261EBC4}.Debug|Any CPU.ActiveCfg = Debug|Any CPU
		{0CF59463-4DA3-4AB5-93C5-3B1D1261EBC4}.Debug|Any CPU.Build.0 = Debug|Any CPU
		{0CF59463-4DA3-4AB5-93C5-3B1D1261EBC4}.Release|Any CPU.ActiveCfg = Release|Any CPU
		{0CF59463-4DA3-4AB5-93C5-3B1D1261EBC4}.Release|Any CPU.Build.0 = Release|Any CPU
	EndGlobalSection
	GlobalSection(SolutionProperties) = preSolution
		HideSolutionNode = FALSE
	EndGlobalSection
	GlobalSection(ExtensibilityGlobals) = postSolution
		SolutionGuid = {EF46463B-C670-4523-AB6C-16B34BB6A3EB}
	EndGlobalSection
EndGlobal
